{
    "_readme": [
        "This file locks the dependencies of your project to a known state",
        "Read more about it at https://getcomposer.org/doc/01-basic-usage.md#installing-dependencies",
        "This file is @generated automatically"
    ],
    "content-hash": "475ba36155ee5707a40ab4e5f84147f8",
    "packages": [
        {
            "name": "mezon/conf",
            "version": "1.0.1",
            "source": {
                "type": "git",
                "url": "https://github.com/alexdodonov/mezon-conf.git",
                "reference": "63b9100effd581fb2f3ea9f9e9855254d1bad151"
            },
            "dist": {
                "type": "zip",
                "url": "https://api.github.com/repos/alexdodonov/mezon-conf/zipball/63b9100effd581fb2f3ea9f9e9855254d1bad151",
                "reference": "63b9100effd581fb2f3ea9f9e9855254d1bad151",
                "shasum": ""
            },
            "require": {
                "php": ">=7.2.0"
            },
            "type": "library",
            "autoload": {
                "psr-4": {
                    "Mezon\\Conf\\": ""
                }
            },
            "notification-url": "https://packagist.org/downloads/",
            "license": [
                "MIT"
            ],
            "authors": [
                {
                    "name": "Dodonov Alexey",
                    "email": "alexey@dodonov.pro",
                    "homepage": "http://gdzone.ru",
                    "role": "Founder"
                }
            ],
            "description": "Small conf routine",
            "homepage": "https://github.com/alexdodonov/mezon-conf",
            "time": "2020-02-24T10:08:55+00:00"
        },
        {
            "name": "mezon/custom-client",
            "version": "1.0.0",
            "source": {
                "type": "git",
                "url": "https://github.com/alexdodonov/mezon-custom-client.git",
                "reference": "a221ea2ed04169e9d847635edcef3cd422f745a4"
            },
            "dist": {
                "type": "zip",
                "url": "https://api.github.com/repos/alexdodonov/mezon-custom-client/zipball/a221ea2ed04169e9d847635edcef3cd422f745a4",
                "reference": "a221ea2ed04169e9d847635edcef3cd422f745a4",
                "shasum": ""
            },
            "require": {
                "php": ">=7.2.0"
            },
            "type": "library",
            "autoload": {
                "psr-4": {
                    "Mezon\\CustomClient\\": ""
                }
            },
            "notification-url": "https://packagist.org/downloads/",
            "license": [
                "MIT"
            ],
            "authors": [
                {
                    "name": "Dodonov Alexey",
                    "email": "alexey@dodonov.pro",
                    "homepage": "http://gdzone.ru",
                    "role": "Founder"
                }
            ],
            "description": "Small custom client routine",
            "homepage": "https://github.com/alexdodonov/mezon-custom-client",
            "time": "2020-02-17T19:34:31+00:00"
        },
        {
            "name": "mezon/dns-client",
            "version": "1.0.0",
            "source": {
                "type": "git",
                "url": "https://github.com/alexdodonov/mezon-dns-client.git",
                "reference": "0b5ca762a51abe13332c3338e67ef0a04dc58650"
            },
            "dist": {
                "type": "zip",
                "url": "https://api.github.com/repos/alexdodonov/mezon-dns-client/zipball/0b5ca762a51abe13332c3338e67ef0a04dc58650",
                "reference": "0b5ca762a51abe13332c3338e67ef0a04dc58650",
                "shasum": ""
            },
            "require": {
                "php": ">=7.2.0"
            },
            "type": "library",
            "autoload": {
                "psr-4": {
                    "Mezon\\DnsClient\\": ""
                }
            },
            "notification-url": "https://packagist.org/downloads/",
            "license": [
                "MIT"
            ],
            "authors": [
                {
                    "name": "Dodonov Alexey",
                    "email": "alexey@dodonov.pro",
                    "homepage": "http://gdzone.ru",
                    "role": "Founder"
                }
            ],
            "description": "Small dns-client script",
            "homepage": "https://github.com/alexdodonov/mezon-dns-client",
            "time": "2020-02-18T21:20:37+00:00"
        },
        {
            "name": "mezon/fields-set",
            "version": "1.0.4",
            "source": {
                "type": "git",
                "url": "https://github.com/alexdodonov/mezon-fields-set.git",
                "reference": "348740a29ed2dc68dd14b8e3771a1f70a9e265ab"
            },
            "dist": {
                "type": "zip",
                "url": "https://api.github.com/repos/alexdodonov/mezon-fields-set/zipball/348740a29ed2dc68dd14b8e3771a1f70a9e265ab",
                "reference": "348740a29ed2dc68dd14b8e3771a1f70a9e265ab",
                "shasum": ""
            },
            "require": {
                "php": ">=7.2.0"
            },
            "type": "library",
            "autoload": {
                "psr-4": {
                    "Mezon\\": ""
                }
            },
            "notification-url": "https://packagist.org/downloads/",
            "license": [
                "MIT"
            ],
            "authors": [
                {
                    "name": "Dodonov Alexey",
                    "email": "alexey@dodonov.pro",
                    "homepage": "http://gdzone.ru",
                    "role": "Founder"
                }
            ],
            "description": "Set of typed fields",
            "homepage": "https://github.com/alexdodonov/mezon-fields-set",
            "time": "2020-04-10T12:21:41+00:00"
        },
        {
            "name": "mezon/filter",
            "version": "1.0.2",
            "source": {
                "type": "git",
                "url": "https://github.com/alexdodonov/mezon-filter.git",
                "reference": "fa10af812fe2231a88697e28ca83da7a25168947"
            },
            "dist": {
                "type": "zip",
                "url": "https://api.github.com/repos/alexdodonov/mezon-filter/zipball/fa10af812fe2231a88697e28ca83da7a25168947",
                "reference": "fa10af812fe2231a88697e28ca83da7a25168947",
                "shasum": ""
            },
            "require": {
                "php": ">=7.2.0"
            },
            "type": "library",
            "autoload": {
                "psr-4": {
                    "Mezon\\": ""
                }
            },
            "notification-url": "https://packagist.org/downloads/",
            "license": [
                "MIT"
            ],
            "authors": [
                {
                    "name": "Dodonov Alexey",
                    "email": "alexey@dodonov.pro",
                    "homepage": "http://gdzone.ru",
                    "role": "Founder"
                }
            ],
            "description": "Class for filters compilation",
            "homepage": "https://github.com/alexdodonov/mezon-filter",
            "time": "2020-04-11T13:30:16+00:00"
        },
        {
            "name": "mezon/functional",
            "version": "1.0.4",
            "source": {
                "type": "git",
                "url": "https://github.com/alexdodonov/mezon-functional.git",
                "reference": "e1573d1e5f807a6f3a7f2aea3a544a9ed98f25cb"
            },
            "dist": {
                "type": "zip",
                "url": "https://api.github.com/repos/alexdodonov/mezon-functional/zipball/e1573d1e5f807a6f3a7f2aea3a544a9ed98f25cb",
                "reference": "e1573d1e5f807a6f3a7f2aea3a544a9ed98f25cb",
                "shasum": ""
            },
            "require": {
                "php": ">=7.2.0"
            },
            "type": "library",
            "autoload": {
                "psr-4": {
                    "Mezon\\Functional\\": ""
                }
            },
            "notification-url": "https://packagist.org/downloads/",
            "license": [
                "MIT"
            ],
            "authors": [
                {
                    "name": "Dodonov Alexey",
                    "email": "alexey@dodonov.pro",
                    "homepage": "http://gdzone.ru",
                    "role": "Founder"
                }
            ],
            "description": "Small and fast framework for functional programming",
            "homepage": "https://github.com/alexdodonov/mezon-functional",
            "time": "2020-03-27T16:21:15+00:00"
        },
        {
            "name": "mezon/pdocrud",
            "version": "1.0.4",
            "source": {
                "type": "git",
                "url": "https://github.com/alexdodonov/mezon-pdocrud.git",
                "reference": "13225752ae41f26f0c7657db91f345b7192e5fac"
            },
            "dist": {
                "type": "zip",
                "url": "https://api.github.com/repos/alexdodonov/mezon-pdocrud/zipball/13225752ae41f26f0c7657db91f345b7192e5fac",
                "reference": "13225752ae41f26f0c7657db91f345b7192e5fac",
                "shasum": ""
            },
            "require": {
                "mezon/conf": "^1.0.0",
                "php": ">=7.2.0"
            },
            "type": "library",
            "autoload": {
                "psr-4": {
                    "Mezon\\PdoCrud\\": ""
                }
            },
            "notification-url": "https://packagist.org/downloads/",
            "license": [
                "MIT"
            ],
            "authors": [
                {
                    "name": "Dodonov Alexey",
                    "email": "alexey@dodonov.pro",
                    "homepage": "http://gdzone.ru",
                    "role": "Founder"
                }
            ],
            "description": "Simple PDO wrapper",
            "homepage": "https://github.com/alexdodonov/mezon-pdocrud",
            "time": "2020-02-26T07:04:51+00:00"
        },
        {
            "name": "mezon/rest-exception",
            "version": "1.0.1",
            "source": {
                "type": "git",
                "url": "https://github.com/alexdodonov/mezon-rest-exception.git",
                "reference": "0c3303e628c7b4514b39fe90cca1990cece2e2ea"
            },
            "dist": {
                "type": "zip",
                "url": "https://api.github.com/repos/alexdodonov/mezon-rest-exception/zipball/0c3303e628c7b4514b39fe90cca1990cece2e2ea",
                "reference": "0c3303e628c7b4514b39fe90cca1990cece2e2ea",
                "shasum": ""
            },
            "require": {
                "php": ">=7.2.0"
            },
            "type": "library",
            "autoload": {
                "psr-4": {
                    "Mezon\\Rest\\": ""
                }
            },
            "notification-url": "https://packagist.org/downloads/",
            "license": [
                "MIT"
            ],
            "authors": [
                {
                    "name": "Dodonov Alexey",
                    "email": "alexey@dodonov.pro",
                    "homepage": "http://gdzone.ru",
                    "role": "Founder"
                }
            ],
            "description": "Small rest-exception script",
            "homepage": "https://github.com/alexdodonov/mezon-rest-exception",
            "time": "2020-02-19T20:34:07+00:00"
        },
        {
            "name": "mezon/router",
            "version": "1.0.9",
            "source": {
                "type": "git",
                "url": "https://github.com/alexdodonov/mezon-router.git",
                "reference": "367a4fbf019478f1b9ce0d81e3777ea62ce68071"
            },
            "dist": {
                "type": "zip",
                "url": "https://api.github.com/repos/alexdodonov/mezon-router/zipball/367a4fbf019478f1b9ce0d81e3777ea62ce68071",
                "reference": "367a4fbf019478f1b9ce0d81e3777ea62ce68071",
                "shasum": ""
            },
            "require": {
                "php": ">=7.2.0"
            },
            "type": "library",
            "autoload": {
                "psr-4": {
                    "Mezon\\Router\\": ""
                }
            },
            "notification-url": "https://packagist.org/downloads/",
            "license": [
                "MIT"
            ],
            "authors": [
                {
                    "name": "Dodonov Alexey",
                    "email": "alexey@dodonov.pro",
                    "homepage": "http://gdzone.ru",
                    "role": "Founder"
                }
            ],
            "description": "Small and fast routing framework",
            "homepage": "https://github.com/alexdodonov/mezon-router",
            "time": "2020-04-09T14:13:40+00:00"
        },
        {
            "name": "mezon/security",
            "version": "1.0.2",
            "source": {
                "type": "git",
                "url": "https://github.com/alexdodonov/mezon-security.git",
                "reference": "b976f536b839382249ad8cdf2d97c91d51be506d"
            },
            "dist": {
                "type": "zip",
                "url": "https://api.github.com/repos/alexdodonov/mezon-security/zipball/b976f536b839382249ad8cdf2d97c91d51be506d",
                "reference": "b976f536b839382249ad8cdf2d97c91d51be506d",
                "shasum": ""
            },
            "require": {
                "php": ">=7.2.0"
            },
            "type": "library",
            "autoload": {
                "psr-4": {
                    "Mezon\\Security\\": ""
                }
            },
            "notification-url": "https://packagist.org/downloads/",
            "license": [
                "MIT"
            ],
            "authors": [
                {
                    "name": "Dodonov Alexey",
                    "email": "alexey@dodonov.pro",
                    "homepage": "http://gdzone.ru",
                    "role": "Founder"
                }
            ],
            "description": "Small security script",
            "homepage": "https://github.com/alexdodonov/mezon-security",
            "time": "2020-04-11T13:15:53+00:00"
        },
        {
            "name": "mezon/service",
            "version": "1.1.8",
            "source": {
                "type": "git",
                "url": "https://github.com/alexdodonov/mezon-service.git",
                "reference": "801dfc6ee28b7dfefc42356e8531c0de94fb0eb6"
            },
            "dist": {
                "type": "zip",
                "url": "https://api.github.com/repos/alexdodonov/mezon-service/zipball/801dfc6ee28b7dfefc42356e8531c0de94fb0eb6",
                "reference": "801dfc6ee28b7dfefc42356e8531c0de94fb0eb6",
                "shasum": ""
            },
            "require": {
                "mezon/custom-client": "^1.0",
                "mezon/dns-client": "^1.0",
                "mezon/fields-set": "^1.0",
                "mezon/functional": "^1.0",
                "mezon/pdocrud": "^1.0",
                "mezon/rest-exception": "^1.0",
                "mezon/router": "^1.0",
                "php": ">=7.2.0"
            },
            "type": "library",
            "autoload": {
                "psr-4": {
                    "Mezon\\Service\\": ""
                }
            },
            "notification-url": "https://packagist.org/downloads/",
            "license": [
                "MIT"
            ],
            "authors": [
                {
                    "name": "Dodonov Alexey",
                    "email": "alexey@dodonov.pro",
                    "homepage": "http://gdzone.ru",
                    "role": "Founder"
                }
            ],
            "description": "Small service script",
            "homepage": "https://github.com/alexdodonov/mezon-service",
            "time": "2020-04-11T13:07:23+00:00"
        }
    ],
    "packages-dev": [],
    "aliases": [],
    "minimum-stability": "dev",
    "stability-flags": [],
    "prefer-stable": true,
    "prefer-lowest": false,
    "platform": {
        "php": ">=7.2.0"
    },
    "platform-dev": [],
    "plugin-api-version": "1.1.0"
}
